
Microsoft Visual Studio Solution File, Format Version 12.00
# Visual Studio 15
VisualStudioVersion = 15.0.28010.2050
MinimumVisualStudioVersion = 10.0.40219.1
Project("{FAE04EC0-301F-11D3-BF4B-00C04F79EFBC}") = "JavaScriptClient", "JavaScriptClient\JavaScriptClient.csproj", "{72EFD391-9893-4280-8BB0-A616F65F5A08}"
EndProject
Global
	GlobalSection(SolutionConfigurationPlatforms) = preSolution
		Debug|Any CPU = Debug|Any CPU
		Release|Any CPU = Release|Any CPU
	EndGlobalSection
	GlobalSection(ProjectConfigurationPlatforms) = postSolution
		{72EFD391-9893-4280-8BB0-A616F65F5A08}.Debug|Any CPU.ActiveCfg = Debug|Any CPU
		{72EFD391-9893-4280-8BB0-A616F65F5A08}.Debug|Any CPU.Build.0 = Debug|Any CPU
		{72EFD391-9893-4280-8BB0-A616F65F5A08}.Release|Any CPU.ActiveCfg = Release|Any CPU
		{72EFD391-9893-4280-8BB0-A616F65F5A08}.Release|Any CPU.Build.0 = Release|Any CPU
	EndGlobalSection
	GlobalSection(SolutionProperties) = preSolution
		HideSolutionNode = FALSE
	EndGlobalSection
	GlobalSection(ExtensibilityGlobals) = postSolution
		SolutionGuid = {5D3201B3-F641-4E88-A223-A2FC6D33F60E}
	EndGlobalSection
EndGlobal
